
Microsoft Visual Studio Solution File, Format Version 12.00
# Visual Studio Version 17
VisualStudioVersion = 17.4.33213.308
MinimumVisualStudioVersion = 10.0.40219.1
Project("{FAE04EC0-301F-11D3-BF4B-00C04F79EFBC}") = "VIDAESTUDIANTIL", "VIDAESTUDIANTIL\VIDAESTUDIANTIL.csproj", "{7C1C6C1C-3CE7-4B85-AE24-B1EDC2F14E69}"
EndProject
Global
	GlobalSection(SolutionConfigurationPlatforms) = preSolution
		Debug|Any CPU = Debug|Any CPU
		Release|Any CPU = Release|Any CPU
	EndGlobalSection
	GlobalSection(ProjectConfigurationPlatforms) = postSolution
		{7C1C6C1C-3CE7-4B85-AE24-B1EDC2F14E69}.Debug|Any CPU.ActiveCfg = Debug|Any CPU
		{7C1C6C1C-3CE7-4B85-AE24-B1EDC2F14E69}.Debug|Any CPU.Build.0 = Debug|Any CPU
		{7C1C6C1C-3CE7-4B85-AE24-B1EDC2F14E69}.Release|Any CPU.ActiveCfg = Release|Any CPU
		{7C1C6C1C-3CE7-4B85-AE24-B1EDC2F14E69}.Release|Any CPU.Build.0 = Release|Any CPU
	EndGlobalSection
	GlobalSection(SolutionProperties) = preSolution
		HideSolutionNode = FALSE
	EndGlobalSection
	GlobalSection(ExtensibilityGlobals) = postSolution
		SolutionGuid = {B00232C5-328E-464C-8B96-2317805BAD1E}
	EndGlobalSection
EndGlobal
